
Microsoft Visual Studio Solution File, Format Version 12.00
# Visual Studio Version 17
VisualStudioVersion = 17.3.32929.385
MinimumVisualStudioVersion = 10.0.40219.1
Project("{FAE04EC0-301F-11D3-BF4B-00C04F79EFBC}") = "CosineSimilarity", "CosineSimilarity.csproj", "{39AA5A81-1454-4612-AA33-7D8051195FC0}"
EndProject
Global
	GlobalSection(SolutionConfigurationPlatforms) = preSolution
		Debug|Any CPU = Debug|Any CPU
		Release|Any CPU = Release|Any CPU
	EndGlobalSection
	GlobalSection(ProjectConfigurationPlatforms) = postSolution
		{39AA5A81-1454-4612-AA33-7D8051195FC0}.Debug|Any CPU.ActiveCfg = Debug|Any CPU
		{39AA5A81-1454-4612-AA33-7D8051195FC0}.Debug|Any CPU.Build.0 = Debug|Any CPU
		{39AA5A81-1454-4612-AA33-7D8051195FC0}.Release|Any CPU.ActiveCfg = Release|Any CPU
		{39AA5A81-1454-4612-AA33-7D8051195FC0}.Release|Any CPU.Build.0 = Release|Any CPU
	EndGlobalSection
	GlobalSection(SolutionProperties) = preSolution
		HideSolutionNode = FALSE
	EndGlobalSection
	GlobalSection(ExtensibilityGlobals) = postSolution
		SolutionGuid = {50E74581-4A05-4F9F-AE48-3C5F829BF260}
	EndGlobalSection
EndGlobal
